{
  "name": "internet_free_text_editor",
  "version": "1.0.0",
  "lockfileVersion": 2,
  "requires": true,
  "author": "",
  "description": "",
  "keywords": [],
  "license": "ISC",
  "main": "server.js",
  "packages": {},
  "devDependencies": {
    "concurrently": "^5.2.0"
  },
  "scripts": {
    "build": "cd client && npm run build",
    "client": "cd client && npm start",
    "install": "cd server && npm i && cd ../client && npm i",
    "server": "cd server nodemon server.js --ignore client",
    "start": "npm run build && cd server && node server.js",
    "start:dev": "concurrently \"cd server && npm run server\" \"cd client && npm run dev\""
  }
}
